
Microsoft Visual Studio Solution File, Format Version 12.00
# Visual Studio Version 16
VisualStudioVersion = 16.0.32228.343
MinimumVisualStudioVersion = 10.0.40219.1
Project("{9A19103F-16F7-4668-BE54-9A1E7A4F7556}") = "QuanLyCuaHang", "QuanLyCuaHang\QuanLyCuaHang.csproj", "{D4F87DFA-D915-4384-A904-F2EAEA6ACC3A}"
EndProject
Global
	GlobalSection(SolutionConfigurationPlatforms) = preSolution
		Debug|Any CPU = Debug|Any CPU
		Release|Any CPU = Release|Any CPU
	EndGlobalSection
	GlobalSection(ProjectConfigurationPlatforms) = postSolution
		{D4F87DFA-D915-4384-A904-F2EAEA6ACC3A}.Debug|Any CPU.ActiveCfg = Debug|Any CPU
		{D4F87DFA-D915-4384-A904-F2EAEA6ACC3A}.Debug|Any CPU.Build.0 = Debug|Any CPU
		{D4F87DFA-D915-4384-A904-F2EAEA6ACC3A}.Release|Any CPU.ActiveCfg = Release|Any CPU
		{D4F87DFA-D915-4384-A904-F2EAEA6ACC3A}.Release|Any CPU.Build.0 = Release|Any CPU
	EndGlobalSection
	GlobalSection(SolutionProperties) = preSolution
		HideSolutionNode = FALSE
	EndGlobalSection
	GlobalSection(ExtensibilityGlobals) = postSolution
		SolutionGuid = {5AEF3BB4-D9CB-4910-9CB1-DA07EBCAA572}
	EndGlobalSection
EndGlobal
